// !$*UTF8*$!
{
	archiveVersion = 1;
	classes = {
	};
	objectVersion = 54;
	objects = {

/* Begin PBXBuildFile section */
		BC13F4E126FB55EB0040A007 /* AppDelegate.swift in Sources */ = {isa = PBXBuildFile; fileRef = BC13F4E026FB55EB0040A007 /* AppDelegate.swift */; };
		BC13F4E326FB55EB0040A007 /* SceneDelegate.swift in Sources */ = {isa = PBXBuildFile; fileRef = BC13F4E226FB55EB0040A007 /* SceneDelegate.swift */; };
		BC13F4E826FB55EC0040A007 /* Main.storyboard in Resources */ = {isa = PBXBuildFile; fileRef = BC13F4E626FB55EC0040A007 /* Main.storyboard */; };
		BC13F4EB26FB55EC0040A007 /* CameraApp2.xcdatamodeld in Sources */ = {isa = PBXBuildFile; fileRef = BC13F4E926FB55EC0040A007 /* CameraApp2.xcdatamodeld */; };
		BC13F4ED26FB55EF0040A007 /* Assets.xcassets in Resources */ = {isa = PBXBuildFile; fileRef = BC13F4EC26FB55EF0040A007 /* Assets.xcassets */; };
		BC13F4F026FB55EF0040A007 /* LaunchScreen.storyboard in Resources */ = {isa = PBXBuildFile; fileRef = BC13F4EE26FB55EF0040A007 /* LaunchScreen.storyboard */; };
		BC13F4FA26FB572F0040A007 /* CoreDataManager.swift in Sources */ = {isa = PBXBuildFile; fileRef = BC13F4F926FB572F0040A007 /* CoreDataManager.swift */; };
		BC13F4FF26FB91EB0040A007 /* SignUpVC.swift in Sources */ = {isa = PBXBuildFile; fileRef = BC13F4FE26FB91EB0040A007 /* SignUpVC.swift */; };
		BC13F50126FB91FA0040A007 /* LoginVC.swift in Sources */ = {isa = PBXBuildFile; fileRef = BC13F50026FB91FA0040A007 /* LoginVC.swift */; };
		BC13F50326FB938B0040A007 /* StudentListVC.swift in Sources */ = {isa = PBXBuildFile; fileRef = BC13F50226FB938B0040A007 /* StudentListVC.swift */; };
		BC24CDDD26FC4DBA00C2A44E /* StudentTableViewCell.swift in Sources */ = {isa = PBXBuildFile; fileRef = BC24CDDC26FC4DBA00C2A44E /* StudentTableViewCell.swift */; };
		BC45E26026FCB925009022BA /* CameraViewController.swift in Sources */ = {isa = PBXBuildFile; fileRef = BC45E25F26FCB925009022BA /* CameraViewController.swift */; };
		BCA2194426FDC5840036E6EC /* StudentEntity+CoreDataClass.swift in Sources */ = {isa = PBXBuildFile; fileRef = BCA2194226FDC5840036E6EC /* StudentEntity+CoreDataClass.swift */; };
		BCA2194526FDC5840036E6EC /* StudentEntity+CoreDataProperties.swift in Sources */ = {isa = PBXBuildFile; fileRef = BCA2194326FDC5840036E6EC /* StudentEntity+CoreDataProperties.swift */; };
/* End PBXBuildFile section */

/* Begin PBXFileReference section */
		BC13F4DD26FB55EB0040A007 /* CameraApp2.app */ = {isa = PBXFileReference; explicitFileType = wrapper.application; includeInIndex = 0; path = CameraApp2.app; sourceTree = BUILT_PRODUCTS_DIR; };
		BC13F4E026FB55EB0040A007 /* AppDelegate.swift */ = {isa = PBXFileReference; lastKnownFileType = sourcecode.swift; path = AppDelegate.swift; sourceTree = "<group>"; };
		BC13F4E226FB55EB0040A007 /* SceneDelegate.swift */ = {isa = PBXFileReference; lastKnownFileType = sourcecode.swift; path = SceneDelegate.swift; sourceTree = "<group>"; };
		BC13F4E726FB55EC0040A007 /* Base */ = {isa = PBXFileReference; lastKnownFileType = file.storyboard; name = Base; path = Base.lproj/Main.storyboard; sourceTree = "<group>"; };
		BC13F4EA26FB55EC0040A007 /* CameraApp2.xcdatamodel */ = {isa = PBXFileReference; lastKnownFileType = wrapper.xcdatamodel; path = CameraApp2.xcdatamodel; sourceTree = "<group>"; };
		BC13F4EC26FB55EF0040A007 /* Assets.xcassets */ = {isa = PBXFileReference; lastKnownFileType = folder.assetcatalog; path = Assets.xcassets; sourceTree = "<group>"; };
		BC13F4EF26FB55EF0040A007 /* Base */ = {isa = PBXFileReference; lastKnownFileType = file.storyboard; name = Base; path = Base.lproj/LaunchScreen.storyboard; sourceTree = "<group>"; };
		BC13F4F126FB55EF0040A007 /* Info.plist */ = {isa = PBXFileReference; lastKnownFileType = text.plist.xml; path = Info.plist; sourceTree = "<group>"; };
		BC13F4F926FB572F0040A007 /* CoreDataManager.swift */ = {isa = PBXFileReference; lastKnownFileType = sourcecode.swift; path = CoreDataManager.swift; sourceTree = "<group>"; };
		BC13F4FE26FB91EB0040A007 /* SignUpVC.swift */ = {isa = PBXFileReference; lastKnownFileType = sourcecode.swift; path = SignUpVC.swift; sourceTree = "<group>"; };
		BC13F50026FB91FA0040A007 /* LoginVC.swift */ = {isa = PBXFileReference; lastKnownFileType = sourcecode.swift; path = LoginVC.swift; sourceTree = "<group>"; };
		BC13F50226FB938B0040A007 /* StudentListVC.swift */ = {isa = PBXFileReference; lastKnownFileType = sourcecode.swift; path = StudentListVC.swift; sourceTree = "<group>"; };
		BC24CDDC26FC4DBA00C2A44E /* StudentTableViewCell.swift */ = {isa = PBXFileReference; lastKnownFileType = sourcecode.swift; path = StudentTableViewCell.swift; sourceTree = "<group>"; };
		BC45E25F26FCB925009022BA /* CameraViewController.swift */ = {isa = PBXFileReference; lastKnownFileType = sourcecode.swift; path = CameraViewController.swift; sourceTree = "<group>"; };
		BCA2194226FDC5840036E6EC /* StudentEntity+CoreDataClass.swift */ = {isa = PBXFileReference; lastKnownFileType = sourcecode.swift; path = "StudentEntity+CoreDataClass.swift"; sourceTree = "<group>"; };
		BCA2194326FDC5840036E6EC /* StudentEntity+CoreDataProperties.swift */ = {isa = PBXFileReference; lastKnownFileType = sourcecode.swift; path = "StudentEntity+CoreDataProperties.swift"; sourceTree = "<group>"; };
/* End PBXFileReference section */

/* Begin PBXFrameworksBuildPhase section */
		BC13F4DA26FB55EB0040A007 /* Frameworks */ = {
			isa = PBXFrameworksBuildPhase;
			buildActionMask = 2147483647;
			files = (
			);
			runOnlyForDeploymentPostprocessing = 0;
		};
/* End PBXFrameworksBuildPhase section */

/* Begin PBXGroup section */
		BC13F4D426FB55EB0040A007 = {
			isa = PBXGroup;
			children = (
				BC13F4DF26FB55EB0040A007 /* CameraApp2 */,
				BC13F4DE26FB55EB0040A007 /* Products */,
			);
			sourceTree = "<group>";
		};
		BC13F4DE26FB55EB0040A007 /* Products */ = {
			isa = PBXGroup;
			children = (
				BC13F4DD26FB55EB0040A007 /* CameraApp2.app */,
			);
			name = Products;
			sourceTree = "<group>";
		};
		BC13F4DF26FB55EB0040A007 /* CameraApp2 */ = {
			isa = PBXGroup;
			children = (
				BC13F4F726FB56020040A007 /* Deligates */,
				BC13F4FC26FB57A00040A007 /* Controllers */,
				BC13F4FB26FB578F0040A007 /* CoreDataFiles */,
				BC13F4FD26FB57ED0040A007 /* StoryBoard */,
				BC13F4EC26FB55EF0040A007 /* Assets.xcassets */,
				BC13F4F126FB55EF0040A007 /* Info.plist */,
				BC13F4E926FB55EC0040A007 /* CameraApp2.xcdatamodeld */,
			);
			path = CameraApp2;
			sourceTree = "<group>";
		};
		BC13F4F726FB56020040A007 /* Deligates */ = {
			isa = PBXGroup;
			children = (
				BC13F4E026FB55EB0040A007 /* AppDelegate.swift */,
				BC13F4E226FB55EB0040A007 /* SceneDelegate.swift */,
			);
			path = Deligates;
			sourceTree = "<group>";
		};
		BC13F4FB26FB578F0040A007 /* CoreDataFiles */ = {
			isa = PBXGroup;
			children = (
				BCA2194226FDC5840036E6EC /* StudentEntity+CoreDataClass.swift */,
				BCA2194326FDC5840036E6EC /* StudentEntity+CoreDataProperties.swift */,
				BC24CDDC26FC4DBA00C2A44E /* StudentTableViewCell.swift */,
				BC13F4F926FB572F0040A007 /* CoreDataManager.swift */,
			);
			path = CoreDataFiles;
			sourceTree = "<group>";
		};
		BC13F4FC26FB57A00040A007 /* Controllers */ = {
			isa = PBXGroup;
			children = (
				BC13F50226FB938B0040A007 /* StudentListVC.swift */,
				BC45E25F26FCB925009022BA /* CameraViewController.swift */,
				BC13F4FE26FB91EB0040A007 /* SignUpVC.swift */,
				BC13F50026FB91FA0040A007 /* LoginVC.swift */,
			);
			path = Controllers;
			sourceTree = "<group>";
		};
		BC13F4FD26FB57ED0040A007 /* StoryBoard */ = {
			isa = PBXGroup;
			children = (
				BC13F4E626FB55EC0040A007 /* Main.storyboard */,
				BC13F4EE26FB55EF0040A007 /* LaunchScreen.storyboard */,
			);
			path = StoryBoard;
			sourceTree = "<group>";
		};
/* End PBXGroup section */

/* Begin PBXNativeTarget section */
		BC13F4DC26FB55EB0040A007 /* CameraApp2 */ = {
			isa = PBXNativeTarget;
			buildConfigurationList = BC13F4F426FB55EF0040A007 /* Build configuration list for PBXNativeTarget "CameraApp2" */;
			buildPhases = (
				BC13F4D926FB55EB0040A007 /* Sources */,
				BC13F4DA26FB55EB0040A007 /* Frameworks */,
				BC13F4DB26FB55EB0040A007 /* Resources */,
			);
			buildRules = (
			);
			dependencies = (
			);
			name = CameraApp2;
			productName = CameraApp2;
			productReference = BC13F4DD26FB55EB0040A007 /* CameraApp2.app */;
			productType = "com.apple.product-type.application";
		};
/* End PBXNativeTarget section */

/* Begin PBXProject section */
		BC13F4D526FB55EB0040A007 /* Project object */ = {
			isa = PBXProject;
			attributes = {
				BuildIndependentTargetsInParallel = 1;
				LastSwiftUpdateCheck = 1300;
				LastUpgradeCheck = 1300;
				TargetAttributes = {
					BC13F4DC26FB55EB0040A007 = {
						CreatedOnToolsVersion = 13.0;
					};
				};
			};
			buildConfigurationList = BC13F4D826FB55EB0040A007 /* Build configuration list for PBXProject "CameraApp2" */;
			compatibilityVersion = "Xcode 12.0";
			developmentRegion = en;
			hasScannedForEncodings = 0;
			knownRegions = (
				en,
				Base,
			);
			mainGroup = BC13F4D426FB55EB0040A007;
			productRefGroup = BC13F4DE26FB55EB0040A007 /* Products */;
			projectDirPath = "";
			projectRoot = "";
			targets = (
				BC13F4DC26FB55EB0040A007 /* CameraApp2 */,
			);
		};
/* End PBXProject section */

/* Begin PBXResourcesBuildPhase section */
		BC13F4DB26FB55EB0040A007 /* Resources */ = {
			isa = PBXResourcesBuildPhase;
			buildActionMask = 2147483647;
			files = (
				BC13F4F026FB55EF0040A007 /* LaunchScreen.storyboard in Resources */,
				BC13F4ED26FB55EF0040A007 /* Assets.xcassets in Resources */,
				BC13F4E826FB55EC0040A007 /* Main.storyboard in Resources */,
			);
			runOnlyForDeploymentPostprocessing = 0;
		};
/* End PBXResourcesBuildPhase section */

/* Begin PBXSourcesBuildPhase section */
		BC13F4D926FB55EB0040A007 /* Sources */ = {
			isa = PBXSourcesBuildPhase;
			buildActionMask = 2147483647;
			files = (
				BC45E26026FCB925009022BA /* CameraViewController.swift in Sources */,
				BC24CDDD26FC4DBA00C2A44E /* StudentTableViewCell.swift in Sources */,
				BC13F50326FB938B0040A007 /* StudentListVC.swift in Sources */,
				BCA2194426FDC5840036E6EC /* StudentEntity+CoreDataClass.swift in Sources */,
				BC13F4E126FB55EB0040A007 /* AppDelegate.swift in Sources */,
				BC13F50126FB91FA0040A007 /* LoginVC.swift in Sources */,
				BC13F4E326FB55EB0040A007 /* SceneDelegate.swift in Sources */,
				BCA2194526FDC5840036E6EC /* StudentEntity+CoreDataProperties.swift in Sources */,
				BC13F4FA26FB572F0040A007 /* CoreDataManager.swift in Sources */,
				BC13F4FF26FB91EB0040A007 /* SignUpVC.swift in Sources */,
				BC13F4EB26FB55EC0040A007 /* CameraApp2.xcdatamodeld in Sources */,
			);
			runOnlyForDeploymentPostprocessing = 0;
		};
/* End PBXSourcesBuildPhase section */

/* Begin PBXVariantGroup section */
		BC13F4E626FB55EC0040A007 /* Main.storyboard */ = {
			isa = PBXVariantGroup;
			children = (
				BC13F4E726FB55EC0040A007 /* Base */,
			);
			name = Main.storyboard;
			sourceTree = "<group>";
		};
		BC13F4EE26FB55EF0040A007 /* LaunchScreen.storyboard */ = {
			isa = PBXVariantGroup;
			children = (
				BC13F4EF26FB55EF0040A007 /* Base */,
			);
			name = LaunchScreen.storyboard;
			sourceTree = "<group>";
		};
/* End PBXVariantGroup section */

/* Begin XCBuildConfiguration section */
		BC13F4F226FB55EF0040A007 /* Debug */ = {
			isa = XCBuildConfiguration;
			buildSettings = {
				ALWAYS_SEARCH_USER_PATHS = NO;
				CLANG_ANALYZER_NONNULL = YES;
				CLANG_ANALYZER_NUMBER_OBJECT_CONVERSION = YES_AGGRESSIVE;
				CLANG_CXX_LANGUAGE_STANDARD = "gnu++17";
				CLANG_CXX_LIBRARY = "libc++";
				CLANG_ENABLE_MODULES = YES;
				CLANG_ENABLE_OBJC_ARC = YES;
				CLANG_ENABLE_OBJC_WEAK = YES;
				CLANG_WARN_BLOCK_CAPTURE_AUTORELEASING = YES;
				CLANG_WARN_BOOL_CONVERSION = YES;
				CLANG_WARN_COMMA = YES;
				CLANG_WARN_CONSTANT_CONVERSION = YES;
				CLANG_WARN_DEPRECATED_OBJC_IMPLEMENTATIONS = YES;
				CLANG_WARN_DIRECT_OBJC_ISA_USAGE = YES_ERROR;
				CLANG_WARN_DOCUMENTATION_COMMENTS = YES;
				CLANG_WARN_EMPTY_BODY = YES;
				CLANG_WARN_ENUM_CONVERSION = YES;
				CLANG_WARN_INFINITE_RECURSION = YES;
				CLANG_WARN_INT_CONVERSION = YES;
				CLANG_WARN_NON_LITERAL_NULL_CONVERSION = YES;
				CLANG_WARN_OBJC_IMPLICIT_RETAIN_SELF = YES;
				CLANG_WARN_OBJC_LITERAL_CONVERSION = YES;
				CLANG_WARN_OBJC_ROOT_CLASS = YES_ERROR;
				CLANG_WARN_QUOTED_INCLUDE_IN_FRAMEWORK_HEADER = YES;
				CLANG_WARN_RANGE_LOOP_ANALYSIS = YES;
				CLANG_WARN_STRICT_PROTOTYPES = YES;
				CLANG_WARN_SUSPICIOUS_MOVE = YES;
				CLANG_WARN_UNGUARDED_AVAILABILITY = YES_AGGRESSIVE;
				CLANG_WARN_UNREACHABLE_CODE = YES;
				CLANG_WARN__DUPLICATE_METHOD_MATCH = YES;
				COPY_PHASE_STRIP = NO;
				DEBUG_INFORMATION_FORMAT = dwarf;
				ENABLE_STRICT_OBJC_MSGSEND = YES;
				ENABLE_TESTABILITY = YES;
				GCC_C_LANGUAGE_STANDARD = gnu11;
				GCC_DYNAMIC_NO_PIC = NO;
				GCC_NO_COMMON_BLOCKS = YES;
				GCC_OPTIMIZATION_LEVEL = 0;
				GCC_PREPROCESSOR_DEFINITIONS = (
					"DEBUG=1",
					"$(inherited)",
				);
				GCC_WARN_64_TO_32_BIT_CONVERSION = YES;
				GCC_WARN_ABOUT_RETURN_TYPE = YES_ERROR;
				GCC_WARN_UNDECLARED_SELECTOR = YES;
				GCC_WARN_UNINITIALIZED_AUTOS = YES_AGGRESSIVE;
				GCC_WARN_UNUSED_FUNCTION = YES;
				GCC_WARN_UNUSED_VARIABLE = YES;
				IPHONEOS_DEPLOYMENT_TARGET = 13.0;
				MTL_ENABLE_DEBUG_INFO = INCLUDE_SOURCE;
				MTL_FAST_MATH = YES;
				ONLY_ACTIVE_ARCH = YES;
				SDKROOT = iphoneos;
				SWIFT_ACTIVE_COMPILATION_CONDITIONS = DEBUG;
				SWIFT_OPTIMIZATION_LEVEL = "-Onone";
			};
			name = Debug;
		};
		BC13F4F326FB55EF0040A007 /* Release */ = {
			isa = XCBuildConfiguration;
			buildSettings = {
				ALWAYS_SEARCH_USER_PATHS = NO;
				CLANG_ANALYZER_NONNULL = YES;
				CLANG_ANALYZER_NUMBER_OBJECT_CONVERSION = YES_AGGRESSIVE;
				CLANG_CXX_LANGUAGE_STANDARD = "gnu++17";
				CLANG_CXX_LIBRARY = "libc++";
				CLANG_ENABLE_MODULES = YES;
				CLANG_ENABLE_OBJC_ARC = YES;
				CLANG_ENABLE_OBJC_WEAK = YES;
				CLANG_WARN_BLOCK_CAPTURE_AUTORELEASING = YES;
				CLANG_WARN_BOOL_CONVERSION = YES;
				CLANG_WARN_COMMA = YES;
				CLANG_WARN_CONSTANT_CONVERSION = YES;
				CLANG_WARN_DEPRECATED_OBJC_IMPLEMENTATIONS = YES;
				CLANG_WARN_DIRECT_OBJC_ISA_USAGE = YES_ERROR;
				CLANG_WARN_DOCUMENTATION_COMMENTS = YES;
				CLANG_WARN_EMPTY_BODY = YES;
				CLANG_WARN_ENUM_CONVERSION = YES;
				CLANG_WARN_INFINITE_RECURSION = YES;
				CLANG_WARN_INT_CONVERSION = YES;
				CLANG_WARN_NON_LITERAL_NULL_CONVERSION = YES;
				CLANG_WARN_OBJC_IMPLICIT_RETAIN_SELF = YES;
				CLANG_WARN_OBJC_LITERAL_CONVERSION = YES;
				CLANG_WARN_OBJC_ROOT_CLASS = YES_ERROR;
				CLANG_WARN_QUOTED_INCLUDE_IN_FRAMEWORK_HEADER = YES;
				CLANG_WARN_RANGE_LOOP_ANALYSIS = YES;
				CLANG_WARN_STRICT_PROTOTYPES = YES;
				CLANG_WARN_SUSPICIOUS_MOVE = YES;
				CLANG_WARN_UNGUARDED_AVAILABILITY = YES_AGGRESSIVE;
				CLANG_WARN_UNREACHABLE_CODE = YES;
				CLANG_WARN__DUPLICATE_METHOD_MATCH = YES;
				COPY_PHASE_STRIP = NO;
				DEBUG_INFORMATION_FORMAT = "dwarf-with-dsym";
				ENABLE_NS_ASSERTIONS = NO;
				ENABLE_STRICT_OBJC_MSGSEND = YES;
				GCC_C_LANGUAGE_STANDARD = gnu11;
				GCC_NO_COMMON_BLOCKS = YES;
				GCC_WARN_64_TO_32_BIT_CONVERSION = YES;
				GCC_WARN_ABOUT_RETURN_TYPE = YES_ERROR;
				GCC_WARN_UNDECLARED_SELECTOR = YES;
				GCC_WARN_UNINITIALIZED_AUTOS = YES_AGGRESSIVE;
				GCC_WARN_UNUSED_FUNCTION = YES;
				GCC_WARN_UNUSED_VARIABLE = YES;
				IPHONEOS_DEPLOYMENT_TARGET = 13.0;
				MTL_ENABLE_DEBUG_INFO = NO;
				MTL_FAST_MATH = YES;
				SDKROOT = iphoneos;
				SWIFT_COMPILATION_MODE = wholemodule;
				SWIFT_OPTIMIZATION_LEVEL = "-O";
				VALIDATE_PRODUCT = YES;
			};
			name = Release;
		};
		BC13F4F526FB55EF0040A007 /* Debug */ = {
			isa = XCBuildConfiguration;
			buildSettings = {
				ASSETCATALOG_COMPILER_APPICON_NAME = AppIcon;
				ASSETCATALOG_COMPILER_GLOBAL_ACCENT_COLOR_NAME = AccentColor;
				CODE_SIGN_STYLE = Automatic;
				CURRENT_PROJECT_VERSION = 1;
				DEVELOPMENT_TEAM = 5S8HZ77935;
				GENERATE_INFOPLIST_FILE = YES;
				INFOPLIST_FILE = CameraApp2/Info.plist;
				INFOPLIST_KEY_UIApplicationSupportsIndirectInputEvents = YES;
				INFOPLIST_KEY_UILaunchStoryboardName = LaunchScreen;
				INFOPLIST_KEY_UIMainStoryboardFile = Main;
				INFOPLIST_KEY_UISupportedInterfaceOrientations_iPad = "UIInterfaceOrientationPortrait UIInterfaceOrientationPortraitUpsideDown UIInterfaceOrientationLandscapeLeft UIInterfaceOrientationLandscapeRight";
				INFOPLIST_KEY_UISupportedInterfaceOrientations_iPhone = "UIInterfaceOrientationPortrait UIInterfaceOrientationLandscapeLeft UIInterfaceOrientationLandscapeRight";
				IPHONEOS_DEPLOYMENT_TARGET = 13.0;
				LD_RUNPATH_SEARCH_PATHS = (
					"$(inherited)",
					"@executable_path/Frameworks",
				);
				MARKETING_VERSION = 1.0;
				PRODUCT_BUNDLE_IDENTIFIER = robin.CameraApp2;
				PRODUCT_NAME = "$(TARGET_NAME)";
				SWIFT_EMIT_LOC_STRINGS = YES;
				SWIFT_VERSION = 5.0;
				TARGETED_DEVICE_FAMILY = "1,2";
			};
			name = Debug;
		};
		BC13F4F626FB55EF0040A007 /* Release */ = {
			isa = XCBuildConfiguration;
			buildSettings = {
				ASSETCATALOG_COMPILER_APPICON_NAME = AppIcon;
				ASSETCATALOG_COMPILER_GLOBAL_ACCENT_COLOR_NAME = AccentColor;
				CODE_SIGN_STYLE = Automatic;
				CURRENT_PROJECT_VERSION = 1;
				DEVELOPMENT_TEAM = 5S8HZ77935;
				GENERATE_INFOPLIST_FILE = YES;
				INFOPLIST_FILE = CameraApp2/Info.plist;
				INFOPLIST_KEY_UIApplicationSupportsIndirectInputEvents = YES;
				INFOPLIST_KEY_UILaunchStoryboardName = LaunchScreen;
				INFOPLIST_KEY_UIMainStoryboardFile = Main;
				INFOPLIST_KEY_UISupportedInterfaceOrientations_iPad = "UIInterfaceOrientationPortrait UIInterfaceOrientationPortraitUpsideDown UIInterfaceOrientationLandscapeLeft UIInterfaceOrientationLandscapeRight";
				INFOPLIST_KEY_UISupportedInterfaceOrientations_iPhone = "UIInterfaceOrientationPortrait UIInterfaceOrientationLandscapeLeft UIInterfaceOrientationLandscapeRight";
				IPHONEOS_DEPLOYMENT_TARGET = 13.0;
				LD_RUNPATH_SEARCH_PATHS = (
					"$(inherited)",
					"@executable_path/Frameworks",
				);
				MARKETING_VERSION = 1.0;
				PRODUCT_BUNDLE_IDENTIFIER = robin.CameraApp2;
				PRODUCT_NAME = "$(TARGET_NAME)";
				SWIFT_EMIT_LOC_STRINGS = YES;
				SWIFT_VERSION = 5.0;
				TARGETED_DEVICE_FAMILY = "1,2";
			};
			name = Release;
		};
/* End XCBuildConfiguration section */

/* Begin XCConfigurationList section */
		BC13F4D826FB55EB0040A007 /* Build configuration list for PBXProject "CameraApp2" */ = {
			isa = XCConfigurationList;
			buildConfigurations = (
				BC13F4F226FB55EF0040A007 /* Debug */,
				BC13F4F326FB55EF0040A007 /* Release */,
			);
			defaultConfigurationIsVisible = 0;
			defaultConfigurationName = Release;
		};
		BC13F4F426FB55EF0040A007 /* Build configuration list for PBXNativeTarget "CameraApp2" */ = {
			isa = XCConfigurationList;
			buildConfigurations = (
				BC13F4F526FB55EF0040A007 /* Debug */,
				BC13F4F626FB55EF0040A007 /* Release */,
			);
			defaultConfigurationIsVisible = 0;
			defaultConfigurationName = Release;
		};
/* End XCConfigurationList section */

/* Begin XCVersionGroup section */
		BC13F4E926FB55EC0040A007 /* CameraApp2.xcdatamodeld */ = {
			isa = XCVersionGroup;
			children = (
				BC13F4EA26FB55EC0040A007 /* CameraApp2.xcdatamodel */,
			);
			currentVersion = BC13F4EA26FB55EC0040A007 /* CameraApp2.xcdatamodel */;
			path = CameraApp2.xcdatamodeld;
			sourceTree = "<group>";
			versionGroupType = wrapper.xcdatamodel;
		};
/* End XCVersionGroup section */
	};
	rootObject = BC13F4D526FB55EB0040A007 /* Project object */;
}
